{
  "version": 1,
  "dependencies": {
    "net8.0": {
      "Dapper": {
        "type": "Direct",
        "requested": "[2.1.35, )",
        "resolved": "2.1.35",
        "contentHash": "YKRwjVfrG7GYOovlGyQoMvr1/IJdn+7QzNXJxyMh0YfFF5yvDmTYaJOVYWsckreNjGsGSEtrMTpnzxTUq/tZQw=="
      },
      "Microsoft.AspNetCore.OpenApi": {
        "type": "Direct",
        "requested": "[8.0.19, )",
        "resolved": "8.0.19",
        "contentHash": "W3R++XjVxo/hFldbg0IGAFeTA28M3Vagml4/GIIYC/5wYKrO4fdVM2+y/V6Bu6GEHe6OL8E6gcBqPod1OjkoeQ==",
        "dependencies": {
          "Microsoft.OpenApi": "1.4.3"
        }
      },
      "Microsoft.CodeAnalysis.NetAnalyzers": {
        "type": "Direct",
        "requested": "[9.0.0, )",
        "resolved": "9.0.0",
        "contentHash": "JajbvkrBgtdRghavIjcJuNHMOja4lqBmEezbhZyqWPYh2cpLhT5mPpfC7NQVDO4IehWQum9t/nwF4v+qQGtYWg=="
      },
      "Microsoft.EntityFrameworkCore.Design": {
        "type": "Direct",
        "requested": "[9.0.8, )",
        "resolved": "9.0.8",
        "contentHash": "02e8OcoumSUAES3VkXrMT9EnNCUKWJoifn5+8fFEbAtRhKL3xg2a/Mj6rsAUGF7tkYFox6oKzJCn0jbm6b8Lbw==",
        "dependencies": {
          "Humanizer.Core": "2.14.1",
          "Microsoft.Build.Framework": "17.8.3",
          "Microsoft.Build.Locator": "1.7.8",
          "Microsoft.CodeAnalysis.CSharp": "4.8.0",
          "Microsoft.CodeAnalysis.CSharp.Workspaces": "4.8.0",
          "Microsoft.CodeAnalysis.Workspaces.MSBuild": "4.8.0",
          "Microsoft.EntityFrameworkCore.Relational": "9.0.8",
          "Microsoft.Extensions.Caching.Memory": "9.0.8",
          "Microsoft.Extensions.Configuration.Abstractions": "9.0.8",
          "Microsoft.Extensions.DependencyModel": "9.0.8",
          "Microsoft.Extensions.Logging": "9.0.8",
          "Mono.TextTemplating": "3.0.0",
          "System.Text.Json": "9.0.8"
        }
      },
      "Microsoft.EntityFrameworkCore.Tools": {
        "type": "Direct",
        "requested": "[9.0.8, )",
        "resolved": "9.0.8",
        "contentHash": "gtjwfJsEB5Mz5qOhdYjm+9KWJEVmVu5xxOgrxHxW6dNmhGfwdNXnNx5Nvdk6IHt0hmn0OK6MREMZEOsjrnSCfA==",
        "dependencies": {
          "Microsoft.EntityFrameworkCore.Design": "9.0.8"
        }
      },
      "Microsoft.Extensions.Configuration.Abstractions": {
        "type": "Direct",
        "requested": "[9.0.8, )",
        "resolved": "9.0.8",
        "contentHash": "yNou2KM35RvzOh4vUFtl2l33rWPvOCoba+nzEDJ+BgD8aOL/jew4WPCibQvntRfOJ2pJU8ARygSMD+pdjvDHuA==",
        "dependencies": {
          "Microsoft.Extensions.Primitives": "9.0.8"
        }
      },
      "Microsoft.Extensions.Logging.Abstractions": {
        "type": "Direct",
        "requested": "[9.0.8, )",
        "resolved": "9.0.8",
        "contentHash": "pYnAffJL7ARD/HCnnPvnFKSIHnTSmWz84WIlT9tPeQ4lHNiu0Az7N/8itihWvcF8sT+VVD5lq8V+ckMzu4SbOw==",
        "dependencies": {
          "Microsoft.Extensions.DependencyInjection.Abstractions": "9.0.8",
          "System.Diagnostics.DiagnosticSource": "9.0.8"
        }
      },
      "Npgsql.EntityFrameworkCore.PostgreSQL": {
        "type": "Direct",
        "requested": "[8.0.10, )",
        "resolved": "8.0.10",
        "contentHash": "gFPl9Dmxih7Yi4tZ3bITzZFzbxFMBx04gqTqcjoL2r5VEW+O2TA5UVw/wm/XW26NAJ7sg59Je0+9QrwiZt6MPQ==",
        "dependencies": {
          "Microsoft.EntityFrameworkCore": "8.0.10",
          "Microsoft.EntityFrameworkCore.Abstractions": "8.0.10",
          "Microsoft.EntityFrameworkCore.Relational": "8.0.10",
          "Npgsql": "8.0.5"
        }
      },
      "Swashbuckle.AspNetCore": {
        "type": "Direct",
        "requested": "[6.6.2, )",
        "resolved": "6.6.2",
        "contentHash": "+NB4UYVYN6AhDSjW0IJAd1AGD8V33gemFNLPaxKTtPkHB+HaKAKf9MGAEUPivEWvqeQfcKIw8lJaHq6LHljRuw==",
        "dependencies": {
          "Microsoft.Extensions.ApiDescription.Server": "6.0.5",
          "Swashbuckle.AspNetCore.Swagger": "6.6.2",
          "Swashbuckle.AspNetCore.SwaggerGen": "6.6.2",
          "Swashbuckle.AspNetCore.SwaggerUI": "6.6.2"
        }
      },
      "System.Data.OleDb": {
        "type": "Direct",
        "requested": "[9.0.8, )",
        "resolved": "9.0.8",
        "contentHash": "wCEMwzzrCS6Rdv2nliZQTE+b5mwsEOivRAHrUwHd01SRqJgVxDOtHjFhGQBtMPVY5niT/bZ0bE+0kbKz4Vx2TA==",
        "dependencies": {
          "System.Configuration.ConfigurationManager": "9.0.8",
          "System.Diagnostics.PerformanceCounter": "9.0.8"
        }
      },
      "Humanizer.Core": {
        "type": "Transitive",
        "resolved": "2.14.1",
        "contentHash": "lQKvtaTDOXnoVJ20ibTuSIOf2i0uO0MPbDhd1jm238I+U/2ZnRENj0cktKZhtchBMtCUSRQ5v4xBCUbKNmyVMw=="
      },
      "Microsoft.Bcl.AsyncInterfaces": {
        "type": "Transitive",
        "resolved": "7.0.0",
        "contentHash": "3aeMZ1N0lJoSyzqiP03hqemtb1BijhsJADdobn/4nsMJ8V1H+CrpuduUe4hlRdx+ikBQju1VGjMD1GJ3Sk05Eg=="
      },
      "Microsoft.Build.Framework": {
        "type": "Transitive",
        "resolved": "17.8.3",
        "contentHash": "NrQZJW8TlKVPx72yltGb8SVz3P5mNRk9fNiD/ao8jRSk48WqIIdCn99q4IjlVmPcruuQ+yLdjNQLL8Rb4c916g=="
      },
      "Microsoft.Build.Locator": {
        "type": "Transitive",
        "resolved": "1.7.8",
        "contentHash": "sPy10x527Ph16S2u0yGME4S6ohBKJ69WfjeGG/bvELYeZVmJdKjxgnlL8cJJJLGV/cZIRqSfB12UDB8ICakOog=="
      },
      "Microsoft.CodeAnalysis.Analyzers": {
        "type": "Transitive",
        "resolved": "3.3.4",
        "contentHash": "AxkxcPR+rheX0SmvpLVIGLhOUXAKG56a64kV9VQZ4y9gR9ZmPXnqZvHJnmwLSwzrEP6junUF11vuc+aqo5r68g=="
      },
      "Microsoft.CodeAnalysis.Common": {
        "type": "Transitive",
        "resolved": "4.8.0",
        "contentHash": "/jR+e/9aT+BApoQJABlVCKnnggGQbvGh7BKq2/wI1LamxC+LbzhcLj4Vj7gXCofl1n4E521YfF9w0WcASGg/KA==",
        "dependencies": {
          "Microsoft.CodeAnalysis.Analyzers": "3.3.4",
          "System.Collections.Immutable": "7.0.0",
          "System.Reflection.Metadata": "7.0.0",
          "System.Runtime.CompilerServices.Unsafe": "6.0.0"
        }
      },
      "Microsoft.CodeAnalysis.CSharp": {
        "type": "Transitive",
        "resolved": "4.8.0",
        "contentHash": "+3+qfdb/aaGD8PZRCrsdobbzGs1m9u119SkkJt8e/mk3xLJz/udLtS2T6nY27OTXxBBw10HzAbC8Z9w08VyP/g==",
        "dependencies": {
          "Microsoft.CodeAnalysis.Common": "[4.8.0]"
        }
      },
      "Microsoft.CodeAnalysis.CSharp.Workspaces": {
        "type": "Transitive",
        "resolved": "4.8.0",
        "contentHash": "3amm4tq4Lo8/BGvg9p3BJh3S9nKq2wqCXfS7138i69TUpo/bD+XvD0hNurpEBtcNZhi1FyutiomKJqVF39ugYA==",
        "dependencies": {
          "Humanizer.Core": "2.14.1",
          "Microsoft.CodeAnalysis.CSharp": "[4.8.0]",
          "Microsoft.CodeAnalysis.Common": "[4.8.0]",
          "Microsoft.CodeAnalysis.Workspaces.Common": "[4.8.0]"
        }
      },
      "Microsoft.CodeAnalysis.Workspaces.Common": {
        "type": "Transitive",
        "resolved": "4.8.0",
        "contentHash": "LXyV+MJKsKRu3FGJA3OmSk40OUIa/dQCFLOnm5X8MNcujx7hzGu8o+zjXlb/cy5xUdZK2UKYb9YaQ2E8m9QehQ==",
        "dependencies": {
          "Humanizer.Core": "2.14.1",
          "Microsoft.Bcl.AsyncInterfaces": "7.0.0",
          "Microsoft.CodeAnalysis.Common": "[4.8.0]",
          "System.Composition": "7.0.0",
          "System.IO.Pipelines": "7.0.0",
          "System.Threading.Channels": "7.0.0"
        }
      },
      "Microsoft.CodeAnalysis.Workspaces.MSBuild": {
        "type": "Transitive",
        "resolved": "4.8.0",
        "contentHash": "IEYreI82QZKklp54yPHxZNG9EKSK6nHEkeuf+0Asie9llgS1gp0V1hw7ODG+QyoB7MuAnNQHmeV1Per/ECpv6A==",
        "dependencies": {
          "Microsoft.Build.Framework": "16.10.0",
          "Microsoft.CodeAnalysis.Common": "[4.8.0]",
          "Microsoft.CodeAnalysis.Workspaces.Common": "[4.8.0]",
          "System.Text.Json": "7.0.3"
        }
      },
      "Microsoft.EntityFrameworkCore": {
        "type": "Transitive",
        "resolved": "9.0.8",
        "contentHash": "bNGdPhN762+BIIO5MFYLjafRqkSS1MqLOc/erd55InvLnFxt9H3N5JNsuag1ZHyBor1VtD42U0CHpgqkWeAYgQ==",
        "dependencies": {
          "Microsoft.EntityFrameworkCore.Abstractions": "9.0.8",
          "Microsoft.EntityFrameworkCore.Analyzers": "9.0.8",
          "Microsoft.Extensions.Caching.Memory": "9.0.8",
          "Microsoft.Extensions.Logging": "9.0.8"
        }
      },
      "Microsoft.EntityFrameworkCore.Abstractions": {
        "type": "Transitive",
        "resolved": "9.0.8",
        "contentHash": "B2yfAIQRRAQ4zvvWqh+HudD+juV3YoLlpXnrog3tU0PM9AFpuq6xo0+mEglN1P43WgdcUiF+65CWBcZe35s15Q=="
      },
      "Microsoft.EntityFrameworkCore.Analyzers": {
        "type": "Transitive",
        "resolved": "9.0.8",
        "contentHash": "2EYStCXt4Hi9p3J3EYMQbItJDtASJd064Kcs8C8hj8Jt5srILrR9qlaL0Ryvk8NrWQoCQvIELsmiuqLEZMLvGA=="
      },
      "Microsoft.EntityFrameworkCore.Relational": {
        "type": "Transitive",
        "resolved": "9.0.8",
        "contentHash": "OVhfyxiHxMvYpwQ8Jy3YZi4koy6TK5/Q7C1oq3z6db+HEGuu6x9L1BX5zDIdJxxlRePMyO4D8ORiXj/D7+MUqw==",
        "dependencies": {
          "Microsoft.EntityFrameworkCore": "9.0.8",
          "Microsoft.Extensions.Caching.Memory": "9.0.8",
          "Microsoft.Extensions.Configuration.Abstractions": "9.0.8",
          "Microsoft.Extensions.Logging": "9.0.8"
        }
      },
      "Microsoft.Extensions.ApiDescription.Server": {
        "type": "Transitive",
        "resolved": "6.0.5",
        "contentHash": "Ckb5EDBUNJdFWyajfXzUIMRkhf52fHZOQuuZg/oiu8y7zDCVwD0iHhew6MnThjHmevanpxL3f5ci2TtHQEN6bw=="
      },
      "Microsoft.Extensions.Caching.Abstractions": {
        "type": "Transitive",
        "resolved": "9.0.8",
        "contentHash": "4h7bsVoKoiK+SlPM+euX/ayGnKZhl47pPCidLTiio9xyG+vgVVfcYxcYQgjm0SCrdSxjG0EGIAKF8EFr3G8Ifw==",
        "dependencies": {
          "Microsoft.Extensions.Primitives": "9.0.8"
        }
      },
      "Microsoft.Extensions.Caching.Memory": {
        "type": "Transitive",
        "resolved": "9.0.8",
        "contentHash": "grR+oPyj8HVn4DT8CFUUdSw2pZZKS13KjytFe4txpHQliGM1GEDotohmjgvyl3hm7RFB3FRqvbouEX3/1ewp5A==",
        "dependencies": {
          "Microsoft.Extensions.Caching.Abstractions": "9.0.8",
          "Microsoft.Extensions.DependencyInjection.Abstractions": "9.0.8",
          "Microsoft.Extensions.Logging.Abstractions": "9.0.8",
          "Microsoft.Extensions.Options": "9.0.8",
          "Microsoft.Extensions.Primitives": "9.0.8"
        }
      },
      "Microsoft.Extensions.DependencyInjection": {
        "type": "Transitive",
        "resolved": "9.0.8",
        "contentHash": "JJjI2Fa+QtZcUyuNjbKn04OjIUX5IgFGFu/Xc+qvzh1rXdZHLcnqqVXhR4093bGirTwacRlHiVg1XYI9xum6QQ==",
        "dependencies": {
          "Microsoft.Extensions.DependencyInjection.Abstractions": "9.0.8"
        }
      },
      "Microsoft.Extensions.DependencyInjection.Abstractions": {
        "type": "Transitive",
        "resolved": "9.0.8",
        "contentHash": "xY3lTjj4+ZYmiKIkyWitddrp1uL5uYiweQjqo4BKBw01ZC4HhcfgLghDpPZcUlppgWAFqFy9SgkiYWOMx365pw=="
      },
      "Microsoft.Extensions.DependencyModel": {
        "type": "Transitive",
        "resolved": "9.0.8",
        "contentHash": "3CW02zNjyqJ2eORo8Zkznpw6+QvK+tYUKZgKuKuAIYdy73TRFvpaqCwYws1k6/lMSJ7ZqABfWn0/wa5bRsIJ4w==",
        "dependencies": {
          "System.Text.Encodings.Web": "9.0.8",
          "System.Text.Json": "9.0.8"
        }
      },
      "Microsoft.Extensions.Logging": {
        "type": "Transitive",
        "resolved": "9.0.8",
        "contentHash": "Z/7ze+0iheT7FJeZPqJKARYvyC2bmwu3whbm/48BJjdlGVvgDguoCqJIkI/67NkroTYobd5geai1WheNQvWrgA==",
        "dependencies": {
          "Microsoft.Extensions.DependencyInjection": "9.0.8",
          "Microsoft.Extensions.Logging.Abstractions": "9.0.8",
          "Microsoft.Extensions.Options": "9.0.8"
        }
      },
      "Microsoft.Extensions.Options": {
        "type": "Transitive",
        "resolved": "9.0.8",
        "contentHash": "OmTaQ0v4gxGQkehpwWIqPoEiwsPuG/u4HUsbOFoWGx4DKET2AXzopnFe/fE608FIhzc/kcg2p8JdyMRCCUzitQ==",
        "dependencies": {
          "Microsoft.Extensions.DependencyInjection.Abstractions": "9.0.8",
          "Microsoft.Extensions.Primitives": "9.0.8"
        }
      },
      "Microsoft.Extensions.Primitives": {
        "type": "Transitive",
        "resolved": "9.0.8",
        "contentHash": "tizSIOEsIgSNSSh+hKeUVPK7xmTIjR8s+mJWOu1KXV3htvNQiPMFRMO17OdI1y/4ZApdBVk49u/08QGC9yvLug=="
      },
      "Microsoft.OpenApi": {
        "type": "Transitive",
        "resolved": "1.6.14",
        "contentHash": "tTaBT8qjk3xINfESyOPE2rIellPvB7qpVqiWiyA/lACVvz+xOGiXhFUfohcx82NLbi5avzLW0lx+s6oAqQijfw=="
      },
      "Mono.TextTemplating": {
        "type": "Transitive",
        "resolved": "3.0.0",
        "contentHash": "YqueG52R/Xej4VVbKuRIodjiAhV0HR/XVbLbNrJhCZnzjnSjgMJ/dCdV0akQQxavX6hp/LC6rqLGLcXeQYU7XA==",
        "dependencies": {
          "System.CodeDom": "6.0.0"
        }
      },
      "Npgsql": {
        "type": "Transitive",
        "resolved": "8.0.5",
        "contentHash": "zRG5V8cyeZLpzJlKzFKjEwkRMYIYnHWJvEor2lWXeccS2E1G2nIWYYhnukB51iz5XsWSVEtqg3AxTWM0QJ6vfg==",
        "dependencies": {
          "Microsoft.Extensions.Logging.Abstractions": "8.0.0"
        }
      },
      "Swashbuckle.AspNetCore.Swagger": {
        "type": "Transitive",
        "resolved": "6.6.2",
        "contentHash": "ovgPTSYX83UrQUWiS5vzDcJ8TEX1MAxBgDFMK45rC24MorHEPQlZAHlaXj/yth4Zf6xcktpUgTEBvffRQVwDKA==",
        "dependencies": {
          "Microsoft.OpenApi": "1.6.14"
        }
      },
      "Swashbuckle.AspNetCore.SwaggerGen": {
        "type": "Transitive",
        "resolved": "6.6.2",
        "contentHash": "zv4ikn4AT1VYuOsDCpktLq4QDq08e7Utzbir86M5/ZkRaLXbCPF11E1/vTmOiDzRTl0zTZINQU2qLKwTcHgfrA==",
        "dependencies": {
          "Swashbuckle.AspNetCore.Swagger": "6.6.2"
        }
      },
      "Swashbuckle.AspNetCore.SwaggerUI": {
        "type": "Transitive",
        "resolved": "6.6.2",
        "contentHash": "mBBb+/8Hm2Q3Wygag+hu2jj69tZW5psuv0vMRXY07Wy+Rrj40vRP8ZTbKBhs91r45/HXT4aY4z0iSBYx1h6JvA=="
      },
      "System.CodeDom": {
        "type": "Transitive",
        "resolved": "6.0.0",
        "contentHash": "CPc6tWO1LAer3IzfZufDBRL+UZQcj5uS207NHALQzP84Vp/z6wF0Aa0YZImOQY8iStY0A2zI/e3ihKNPfUm8XA=="
      },
      "System.Collections.Immutable": {
        "type": "Transitive",
        "resolved": "7.0.0",
        "contentHash": "dQPcs0U1IKnBdRDBkrCTi1FoajSTBzLcVTpjO4MBCMC7f4pDOIPzgBoX8JjG7X6uZRJ8EBxsi8+DR1JuwjnzOQ=="
      },
      "System.Composition": {
        "type": "Transitive",
        "resolved": "7.0.0",
        "contentHash": "tRwgcAkDd85O8Aq6zHDANzQaq380cek9lbMg5Qma46u5BZXq/G+XvIYmu+UI+BIIZ9zssXLYrkTykEqxxvhcmg==",
        "dependencies": {
          "System.Composition.AttributedModel": "7.0.0",
          "System.Composition.Convention": "7.0.0",
          "System.Composition.Hosting": "7.0.0",
          "System.Composition.Runtime": "7.0.0",
          "System.Composition.TypedParts": "7.0.0"
        }
      },
      "System.Composition.AttributedModel": {
        "type": "Transitive",
        "resolved": "7.0.0",
        "contentHash": "2QzClqjElKxgI1jK1Jztnq44/8DmSuTSGGahXqQ4TdEV0h9s2KikQZIgcEqVzR7OuWDFPGLHIprBJGQEPr8fAQ=="
      },
      "System.Composition.Convention": {
        "type": "Transitive",
        "resolved": "7.0.0",
        "contentHash": "IMhTlpCs4HmlD8B+J8/kWfwX7vrBBOs6xyjSTzBlYSs7W4OET4tlkR/Sg9NG8jkdJH9Mymq0qGdYS1VPqRTBnQ==",
        "dependencies": {
          "System.Composition.AttributedModel": "7.0.0"
        }
      },
      "System.Composition.Hosting": {
        "type": "Transitive",
        "resolved": "7.0.0",
        "contentHash": "eB6gwN9S+54jCTBJ5bpwMOVerKeUfGGTYCzz3QgDr1P55Gg/Wb27ShfPIhLMjmZ3MoAKu8uUSv6fcCdYJTN7Bg==",
        "dependencies": {
          "System.Composition.Runtime": "7.0.0"
        }
      },
      "System.Composition.Runtime": {
        "type": "Transitive",
        "resolved": "7.0.0",
        "contentHash": "aZJ1Zr5Txe925rbo4742XifEyW0MIni1eiUebmcrP3HwLXZ3IbXUj4MFMUH/RmnJOAQiS401leg/2Sz1MkApDw=="
      },
      "System.Composition.TypedParts": {
        "type": "Transitive",
        "resolved": "7.0.0",
        "contentHash": "ZK0KNPfbtxVceTwh+oHNGUOYV2WNOHReX2AXipuvkURC7s/jPwoWfsu3SnDBDgofqbiWr96geofdQ2erm/KTHg==",
        "dependencies": {
          "System.Composition.AttributedModel": "7.0.0",
          "System.Composition.Hosting": "7.0.0",
          "System.Composition.Runtime": "7.0.0"
        }
      },
      "System.Configuration.ConfigurationManager": {
        "type": "Transitive",
        "resolved": "9.0.8",
        "contentHash": "BR70HYY5jeOa/jBrd/wyydpuqhFyla2ybQRL/UPBIiSvctVqi18iQoM44Gx41jy7t6wuAdKuTnie6io4j8aq3w==",
        "dependencies": {
          "System.Diagnostics.EventLog": "9.0.8",
          "System.Security.Cryptography.ProtectedData": "9.0.8"
        }
      },
      "System.Diagnostics.DiagnosticSource": {
        "type": "Transitive",
        "resolved": "9.0.8",
        "contentHash": "Lj8/a1Hzli1z6jo8H9urc16GxkpVJtJM+W9fmivXMNu7nwzHziGkxn4vO0DFscMbudkEVKSezdDuHk5kgM0X/g=="
      },
      "System.Diagnostics.EventLog": {
        "type": "Transitive",
        "resolved": "9.0.8",
        "contentHash": "gebRF3JLLJ76jz1CQpvwezNapZUjFq20JQsaGHzBH0DzlkHBLpdhwkOei9usiOkIGMwU/L0ALWpNe1JE+5/itw=="
      },
      "System.Diagnostics.PerformanceCounter": {
        "type": "Transitive",
        "resolved": "9.0.8",
        "contentHash": "9jQDqjiJ9VF9M2eVdT09gfU8yg5mhqEkfiZeB3hMjlYApNVJK6vXt9u5T8Oj5Hc+H9zNmrRzTjkXtEF5HcbAfg==",
        "dependencies": {
          "System.Configuration.ConfigurationManager": "9.0.8"
        }
      },
      "System.IO.Pipelines": {
        "type": "Transitive",
        "resolved": "9.0.8",
        "contentHash": "6vPmJt73mgUo1gzc/OcXlJvClz/2jxZ4TQPRfriVaLoGRH2mye530D9WHJYbFQRNMxF3PWCoeofsFdCyN7fLzA=="
      },
      "System.Reflection.Metadata": {
        "type": "Transitive",
        "resolved": "7.0.0",
        "contentHash": "MclTG61lsD9sYdpNz9xsKBzjsmsfCtcMZYXz/IUr2zlhaTaABonlr1ESeompTgM+Xk+IwtGYU7/voh3YWB/fWw==",
        "dependencies": {
          "System.Collections.Immutable": "7.0.0"
        }
      },
      "System.Runtime.CompilerServices.Unsafe": {
        "type": "Transitive",
        "resolved": "6.0.0",
        "contentHash": "/iUeP3tq1S0XdNNoMz5C9twLSrM/TH+qElHkXWaPvuNOt+99G75NrV0OS2EqHx5wMN7popYjpc8oTjC1y16DLg=="
      },
      "System.Security.Cryptography.ProtectedData": {
        "type": "Transitive",
        "resolved": "9.0.8",
        "contentHash": "w7+KCnqmtDboV8dxTLxlUltasP7AgzNFdTLq1D/ey50ykgXW+CJBIQkzYZjgPzmjKB+/PGGUKYrH7TSbwrDtRw=="
      },
      "System.Text.Encodings.Web": {
        "type": "Transitive",
        "resolved": "9.0.8",
        "contentHash": "W+LotQsM4wBJ4PG7uRkyul4wqL4Fz7R4ty6uXrCNZUhbaHYANgrPaYR2ZpMVpdCjQEJ17Jr1NMN8hv4SHaHY4A=="
      },
      "System.Text.Json": {
        "type": "Transitive",
        "resolved": "9.0.8",
        "contentHash": "mIQir9jBqk0V7X0Nw5hzPJZC8DuGdf+2DS3jAVsr6rq5+/VyH5rza0XGcONJUWBrZ+G6BCwNyjWYd9lncBu48A==",
        "dependencies": {
          "System.IO.Pipelines": "9.0.8",
          "System.Text.Encodings.Web": "9.0.8"
        }
      },
      "System.Threading.Channels": {
        "type": "Transitive",
        "resolved": "7.0.0",
        "contentHash": "qmeeYNROMsONF6ndEZcIQ+VxR4Q/TX/7uIVLJqtwIWL7dDWeh0l1UIqgo4wYyjG//5lUNhwkLDSFl+pAWO6oiA=="
      },
      "kdx.contracts": {
        "type": "Project",
        "dependencies": {
          "Microsoft.Extensions.Configuration.Abstractions": "[9.0.8, )",
          "Microsoft.Extensions.Logging.Abstractions": "[9.0.8, )"
        }
      },
      "kdx.core": {
        "type": "Project",
        "dependencies": {
          "Kdx.Contracts": "[1.0.0, )",
          "Microsoft.Extensions.Configuration.Abstractions": "[9.0.8, )",
          "Microsoft.Extensions.Logging.Abstractions": "[9.0.8, )"
        }
      },
      "kdx.infrastructure": {
        "type": "Project",
        "dependencies": {
          "Kdx.Contracts": "[1.0.0, )",
          "Kdx.Core": "[1.0.0, )",
          "Microsoft.Extensions.Configuration.Abstractions": "[9.0.8, )",
          "Microsoft.Extensions.Logging.Abstractions": "[9.0.8, )"
        }
      }
    }
  }
}